// !$*UTF8*$!
{
	archiveVersion = 1;
	classes = {
	};
	objectVersion = 50;
	objects = {

/* Begin PBXBuildFile section */
		395D1ECD252132FF00E6C4AD /* ImageLoader+ImageView.swift in Sources */ = {isa = PBXBuildFile; fileRef = 395D1ECC252132FF00E6C4AD /* ImageLoader+ImageView.swift */; };
		39BFD95E250F191700F4D054 /* Character.swift in Sources */ = {isa = PBXBuildFile; fileRef = 39BFD95D250F191700F4D054 /* Character.swift */; };
		39BFD960250F1A0D00F4D054 /* CharacterViewModel.swift in Sources */ = {isa = PBXBuildFile; fileRef = 39BFD95F250F1A0D00F4D054 /* CharacterViewModel.swift */; };
		39EA59A7250B097E006DCA56 /* EpisodeDetail.swift in Sources */ = {isa = PBXBuildFile; fileRef = 39EA59A6250B097E006DCA56 /* EpisodeDetail.swift */; };
		39EC53432509AF090002515D /* AppDelegate.swift in Sources */ = {isa = PBXBuildFile; fileRef = 39EC53422509AF090002515D /* AppDelegate.swift */; };
		39EC53452509AF090002515D /* SceneDelegate.swift in Sources */ = {isa = PBXBuildFile; fileRef = 39EC53442509AF090002515D /* SceneDelegate.swift */; };
		39EC53472509AF090002515D /* ContentView.swift in Sources */ = {isa = PBXBuildFile; fileRef = 39EC53462509AF090002515D /* ContentView.swift */; };
		39EC53492509AF0D0002515D /* Assets.xcassets in Resources */ = {isa = PBXBuildFile; fileRef = 39EC53482509AF0D0002515D /* Assets.xcassets */; };
		39EC534C2509AF0D0002515D /* Preview Assets.xcassets in Resources */ = {isa = PBXBuildFile; fileRef = 39EC534B2509AF0D0002515D /* Preview Assets.xcassets */; };
		39EC534F2509AF0D0002515D /* LaunchScreen.storyboard in Resources */ = {isa = PBXBuildFile; fileRef = 39EC534D2509AF0D0002515D /* LaunchScreen.storyboard */; };
		39EC53582509B0130002515D /* Links.swift in Sources */ = {isa = PBXBuildFile; fileRef = 39EC53572509B0130002515D /* Links.swift */; };
		39EC535B2509B1D20002515D /* EpisodeViewModel.swift in Sources */ = {isa = PBXBuildFile; fileRef = 39EC535A2509B1D20002515D /* EpisodeViewModel.swift */; };
		39EC535E2509B2040002515D /* Episode.swift in Sources */ = {isa = PBXBuildFile; fileRef = 39EC535D2509B2040002515D /* Episode.swift */; };
		39EC53602509B7730002515D /* EpisodeList.swift in Sources */ = {isa = PBXBuildFile; fileRef = 39EC535F2509B7730002515D /* EpisodeList.swift */; };
		39EC53622509B77E0002515D /* EpisodeListViewModel.swift in Sources */ = {isa = PBXBuildFile; fileRef = 39EC53612509B77E0002515D /* EpisodeListViewModel.swift */; };
/* End PBXBuildFile section */

/* Begin PBXFileReference section */
		395D1ECC252132FF00E6C4AD /* ImageLoader+ImageView.swift */ = {isa = PBXFileReference; lastKnownFileType = sourcecode.swift; path = "ImageLoader+ImageView.swift"; sourceTree = "<group>"; };
		39BFD95D250F191700F4D054 /* Character.swift */ = {isa = PBXFileReference; lastKnownFileType = sourcecode.swift; path = Character.swift; sourceTree = "<group>"; };
		39BFD95F250F1A0D00F4D054 /* CharacterViewModel.swift */ = {isa = PBXFileReference; lastKnownFileType = sourcecode.swift; path = CharacterViewModel.swift; sourceTree = "<group>"; };
		39EA59A6250B097E006DCA56 /* EpisodeDetail.swift */ = {isa = PBXFileReference; lastKnownFileType = sourcecode.swift; path = EpisodeDetail.swift; sourceTree = "<group>"; };
		39EC533F2509AF090002515D /* RickAndMorty.app */ = {isa = PBXFileReference; explicitFileType = wrapper.application; includeInIndex = 0; path = RickAndMorty.app; sourceTree = BUILT_PRODUCTS_DIR; };
		39EC53422509AF090002515D /* AppDelegate.swift */ = {isa = PBXFileReference; lastKnownFileType = sourcecode.swift; path = AppDelegate.swift; sourceTree = "<group>"; };
		39EC53442509AF090002515D /* SceneDelegate.swift */ = {isa = PBXFileReference; lastKnownFileType = sourcecode.swift; path = SceneDelegate.swift; sourceTree = "<group>"; };
		39EC53462509AF090002515D /* ContentView.swift */ = {isa = PBXFileReference; lastKnownFileType = sourcecode.swift; path = ContentView.swift; sourceTree = "<group>"; };
		39EC53482509AF0D0002515D /* Assets.xcassets */ = {isa = PBXFileReference; lastKnownFileType = folder.assetcatalog; path = Assets.xcassets; sourceTree = "<group>"; };
		39EC534B2509AF0D0002515D /* Preview Assets.xcassets */ = {isa = PBXFileReference; lastKnownFileType = folder.assetcatalog; path = "Preview Assets.xcassets"; sourceTree = "<group>"; };
		39EC534E2509AF0D0002515D /* Base */ = {isa = PBXFileReference; lastKnownFileType = file.storyboard; name = Base; path = Base.lproj/LaunchScreen.storyboard; sourceTree = "<group>"; };
		39EC53502509AF0D0002515D /* Info.plist */ = {isa = PBXFileReference; lastKnownFileType = text.plist.xml; path = Info.plist; sourceTree = "<group>"; };
		39EC53572509B0130002515D /* Links.swift */ = {isa = PBXFileReference; lastKnownFileType = sourcecode.swift; path = Links.swift; sourceTree = "<group>"; };
		39EC535A2509B1D20002515D /* EpisodeViewModel.swift */ = {isa = PBXFileReference; lastKnownFileType = sourcecode.swift; path = EpisodeViewModel.swift; sourceTree = "<group>"; };
		39EC535D2509B2040002515D /* Episode.swift */ = {isa = PBXFileReference; lastKnownFileType = sourcecode.swift; path = Episode.swift; sourceTree = "<group>"; };
		39EC535F2509B7730002515D /* EpisodeList.swift */ = {isa = PBXFileReference; lastKnownFileType = sourcecode.swift; path = EpisodeList.swift; sourceTree = "<group>"; };
		39EC53612509B77E0002515D /* EpisodeListViewModel.swift */ = {isa = PBXFileReference; lastKnownFileType = sourcecode.swift; path = EpisodeListViewModel.swift; sourceTree = "<group>"; };
/* End PBXFileReference section */

/* Begin PBXFrameworksBuildPhase section */
		39EC533C2509AF090002515D /* Frameworks */ = {
			isa = PBXFrameworksBuildPhase;
			buildActionMask = 2147483647;
			files = (
			);
			runOnlyForDeploymentPostprocessing = 0;
		};
/* End PBXFrameworksBuildPhase section */

/* Begin PBXGroup section */
		395D1ECB252132E400E6C4AD /* Helpers */ = {
			isa = PBXGroup;
			children = (
				395D1ECC252132FF00E6C4AD /* ImageLoader+ImageView.swift */,
			);
			path = Helpers;
			sourceTree = "<group>";
		};
		39EC53362509AF090002515D = {
			isa = PBXGroup;
			children = (
				39EC53412509AF090002515D /* RickAndMorty */,
				39EC53402509AF090002515D /* Products */,
			);
			sourceTree = "<group>";
		};
		39EC53402509AF090002515D /* Products */ = {
			isa = PBXGroup;
			children = (
				39EC533F2509AF090002515D /* RickAndMorty.app */,
			);
			name = Products;
			sourceTree = "<group>";
		};
		39EC53412509AF090002515D /* RickAndMorty */ = {
			isa = PBXGroup;
			children = (
				395D1ECB252132E400E6C4AD /* Helpers */,
				39EC535C2509B1FB0002515D /* Models */,
				39EC53592509B19F0002515D /* ViewModels */,
				39EC53562509AFFA0002515D /* Links */,
				39EC53422509AF090002515D /* AppDelegate.swift */,
				39EC53442509AF090002515D /* SceneDelegate.swift */,
				39EC53462509AF090002515D /* ContentView.swift */,
				39EA59A6250B097E006DCA56 /* EpisodeDetail.swift */,
				39EC53482509AF0D0002515D /* Assets.xcassets */,
				39EC534D2509AF0D0002515D /* LaunchScreen.storyboard */,
				39EC53502509AF0D0002515D /* Info.plist */,
				39EC534A2509AF0D0002515D /* Preview Content */,
			);
			path = RickAndMorty;
			sourceTree = "<group>";
		};
		39EC534A2509AF0D0002515D /* Preview Content */ = {
			isa = PBXGroup;
			children = (
				39EC534B2509AF0D0002515D /* Preview Assets.xcassets */,
			);
			path = "Preview Content";
			sourceTree = "<group>";
		};
		39EC53562509AFFA0002515D /* Links */ = {
			isa = PBXGroup;
			children = (
				39EC53572509B0130002515D /* Links.swift */,
			);
			path = Links;
			sourceTree = "<group>";
		};
		39EC53592509B19F0002515D /* ViewModels */ = {
			isa = PBXGroup;
			children = (
				39EC535A2509B1D20002515D /* EpisodeViewModel.swift */,
				39EC53612509B77E0002515D /* EpisodeListViewModel.swift */,
				39BFD95F250F1A0D00F4D054 /* CharacterViewModel.swift */,
			);
			path = ViewModels;
			sourceTree = "<group>";
		};
		39EC535C2509B1FB0002515D /* Models */ = {
			isa = PBXGroup;
			children = (
				39EC535D2509B2040002515D /* Episode.swift */,
				39EC535F2509B7730002515D /* EpisodeList.swift */,
				39BFD95D250F191700F4D054 /* Character.swift */,
			);
			path = Models;
			sourceTree = "<group>";
		};
/* End PBXGroup section */

/* Begin PBXNativeTarget section */
		39EC533E2509AF090002515D /* RickAndMorty */ = {
			isa = PBXNativeTarget;
			buildConfigurationList = 39EC53532509AF0D0002515D /* Build configuration list for PBXNativeTarget "RickAndMorty" */;
			buildPhases = (
				39EC533B2509AF090002515D /* Sources */,
				39EC533C2509AF090002515D /* Frameworks */,
				39EC533D2509AF090002515D /* Resources */,
			);
			buildRules = (
			);
			dependencies = (
			);
			name = RickAndMorty;
			productName = RickAndMorty;
			productReference = 39EC533F2509AF090002515D /* RickAndMorty.app */;
			productType = "com.apple.product-type.application";
		};
/* End PBXNativeTarget section */

/* Begin PBXProject section */
		39EC53372509AF090002515D /* Project object */ = {
			isa = PBXProject;
			attributes = {
				LastSwiftUpdateCheck = 1160;
				LastUpgradeCheck = 1160;
				ORGANIZATIONNAME = "Victor Luni";
				TargetAttributes = {
					39EC533E2509AF090002515D = {
						CreatedOnToolsVersion = 11.6;
					};
				};
			};
			buildConfigurationList = 39EC533A2509AF090002515D /* Build configuration list for PBXProject "RickAndMorty" */;
			compatibilityVersion = "Xcode 9.3";
			developmentRegion = en;
			hasScannedForEncodings = 0;
			knownRegions = (
				en,
				Base,
			);
			mainGroup = 39EC53362509AF090002515D;
			productRefGroup = 39EC53402509AF090002515D /* Products */;
			projectDirPath = "";
			projectRoot = "";
			targets = (
				39EC533E2509AF090002515D /* RickAndMorty */,
			);
		};
/* End PBXProject section */

/* Begin PBXResourcesBuildPhase section */
		39EC533D2509AF090002515D /* Resources */ = {
			isa = PBXResourcesBuildPhase;
			buildActionMask = 2147483647;
			files = (
				39EC534F2509AF0D0002515D /* LaunchScreen.storyboard in Resources */,
				39EC534C2509AF0D0002515D /* Preview Assets.xcassets in Resources */,
				39EC53492509AF0D0002515D /* Assets.xcassets in Resources */,
			);
			runOnlyForDeploymentPostprocessing = 0;
		};
/* End PBXResourcesBuildPhase section */

/* Begin PBXSourcesBuildPhase section */
		39EC533B2509AF090002515D /* Sources */ = {
			isa = PBXSourcesBuildPhase;
			buildActionMask = 2147483647;
			files = (
				39EC53432509AF090002515D /* AppDelegate.swift in Sources */,
				39EC535E2509B2040002515D /* Episode.swift in Sources */,
				39EC535B2509B1D20002515D /* EpisodeViewModel.swift in Sources */,
				39EC53602509B7730002515D /* EpisodeList.swift in Sources */,
				39EC53452509AF090002515D /* SceneDelegate.swift in Sources */,
				395D1ECD252132FF00E6C4AD /* ImageLoader+ImageView.swift in Sources */,
				39EC53472509AF090002515D /* ContentView.swift in Sources */,
				39BFD960250F1A0D00F4D054 /* CharacterViewModel.swift in Sources */,
				39EA59A7250B097E006DCA56 /* EpisodeDetail.swift in Sources */,
				39BFD95E250F191700F4D054 /* Character.swift in Sources */,
				39EC53622509B77E0002515D /* EpisodeListViewModel.swift in Sources */,
				39EC53582509B0130002515D /* Links.swift in Sources */,
			);
			runOnlyForDeploymentPostprocessing = 0;
		};
/* End PBXSourcesBuildPhase section */

/* Begin PBXVariantGroup section */
		39EC534D2509AF0D0002515D /* LaunchScreen.storyboard */ = {
			isa = PBXVariantGroup;
			children = (
				39EC534E2509AF0D0002515D /* Base */,
			);
			name = LaunchScreen.storyboard;
			sourceTree = "<group>";
		};
/* End PBXVariantGroup section */

/* Begin XCBuildConfiguration section */
		39EC53512509AF0D0002515D /* Debug */ = {
			isa = XCBuildConfiguration;
			buildSettings = {
				ALWAYS_SEARCH_USER_PATHS = NO;
				CLANG_ANALYZER_NONNULL = YES;
				CLANG_ANALYZER_NUMBER_OBJECT_CONVERSION = YES_AGGRESSIVE;
				CLANG_CXX_LANGUAGE_STANDARD = "gnu++14";
				CLANG_CXX_LIBRARY = "libc++";
				CLANG_ENABLE_MODULES = YES;
				CLANG_ENABLE_OBJC_ARC = YES;
				CLANG_ENABLE_OBJC_WEAK = YES;
				CLANG_WARN_BLOCK_CAPTURE_AUTORELEASING = YES;
				CLANG_WARN_BOOL_CONVERSION = YES;
				CLANG_WARN_COMMA = YES;
				CLANG_WARN_CONSTANT_CONVERSION = YES;
				CLANG_WARN_DEPRECATED_OBJC_IMPLEMENTATIONS = YES;
				CLANG_WARN_DIRECT_OBJC_ISA_USAGE = YES_ERROR;
				CLANG_WARN_DOCUMENTATION_COMMENTS = YES;
				CLANG_WARN_EMPTY_BODY = YES;
				CLANG_WARN_ENUM_CONVERSION = YES;
				CLANG_WARN_INFINITE_RECURSION = YES;
				CLANG_WARN_INT_CONVERSION = YES;
				CLANG_WARN_NON_LITERAL_NULL_CONVERSION = YES;
				CLANG_WARN_OBJC_IMPLICIT_RETAIN_SELF = YES;
				CLANG_WARN_OBJC_LITERAL_CONVERSION = YES;
				CLANG_WARN_OBJC_ROOT_CLASS = YES_ERROR;
				CLANG_WARN_RANGE_LOOP_ANALYSIS = YES;
				CLANG_WARN_STRICT_PROTOTYPES = YES;
				CLANG_WARN_SUSPICIOUS_MOVE = YES;
				CLANG_WARN_UNGUARDED_AVAILABILITY = YES_AGGRESSIVE;
				CLANG_WARN_UNREACHABLE_CODE = YES;
				CLANG_WARN__DUPLICATE_METHOD_MATCH = YES;
				COPY_PHASE_STRIP = NO;
				DEBUG_INFORMATION_FORMAT = dwarf;
				ENABLE_STRICT_OBJC_MSGSEND = YES;
				ENABLE_TESTABILITY = YES;
				GCC_C_LANGUAGE_STANDARD = gnu11;
				GCC_DYNAMIC_NO_PIC = NO;
				GCC_NO_COMMON_BLOCKS = YES;
				GCC_OPTIMIZATION_LEVEL = 0;
				GCC_PREPROCESSOR_DEFINITIONS = (
					"DEBUG=1",
					"$(inherited)",
				);
				GCC_WARN_64_TO_32_BIT_CONVERSION = YES;
				GCC_WARN_ABOUT_RETURN_TYPE = YES_ERROR;
				GCC_WARN_UNDECLARED_SELECTOR = YES;
				GCC_WARN_UNINITIALIZED_AUTOS = YES_AGGRESSIVE;
				GCC_WARN_UNUSED_FUNCTION = YES;
				GCC_WARN_UNUSED_VARIABLE = YES;
				IPHONEOS_DEPLOYMENT_TARGET = 13.6;
				MTL_ENABLE_DEBUG_INFO = INCLUDE_SOURCE;
				MTL_FAST_MATH = YES;
				ONLY_ACTIVE_ARCH = YES;
				SDKROOT = iphoneos;
				SWIFT_ACTIVE_COMPILATION_CONDITIONS = DEBUG;
				SWIFT_OPTIMIZATION_LEVEL = "-Onone";
			};
			name = Debug;
		};
		39EC53522509AF0D0002515D /* Release */ = {
			isa = XCBuildConfiguration;
			buildSettings = {
				ALWAYS_SEARCH_USER_PATHS = NO;
				CLANG_ANALYZER_NONNULL = YES;
				CLANG_ANALYZER_NUMBER_OBJECT_CONVERSION = YES_AGGRESSIVE;
				CLANG_CXX_LANGUAGE_STANDARD = "gnu++14";
				CLANG_CXX_LIBRARY = "libc++";
				CLANG_ENABLE_MODULES = YES;
				CLANG_ENABLE_OBJC_ARC = YES;
				CLANG_ENABLE_OBJC_WEAK = YES;
				CLANG_WARN_BLOCK_CAPTURE_AUTORELEASING = YES;
				CLANG_WARN_BOOL_CONVERSION = YES;
				CLANG_WARN_COMMA = YES;
				CLANG_WARN_CONSTANT_CONVERSION = YES;
				CLANG_WARN_DEPRECATED_OBJC_IMPLEMENTATIONS = YES;
				CLANG_WARN_DIRECT_OBJC_ISA_USAGE = YES_ERROR;
				CLANG_WARN_DOCUMENTATION_COMMENTS = YES;
				CLANG_WARN_EMPTY_BODY = YES;
				CLANG_WARN_ENUM_CONVERSION = YES;
				CLANG_WARN_INFINITE_RECURSION = YES;
				CLANG_WARN_INT_CONVERSION = YES;
				CLANG_WARN_NON_LITERAL_NULL_CONVERSION = YES;
				CLANG_WARN_OBJC_IMPLICIT_RETAIN_SELF = YES;
				CLANG_WARN_OBJC_LITERAL_CONVERSION = YES;
				CLANG_WARN_OBJC_ROOT_CLASS = YES_ERROR;
				CLANG_WARN_RANGE_LOOP_ANALYSIS = YES;
				CLANG_WARN_STRICT_PROTOTYPES = YES;
				CLANG_WARN_SUSPICIOUS_MOVE = YES;
				CLANG_WARN_UNGUARDED_AVAILABILITY = YES_AGGRESSIVE;
				CLANG_WARN_UNREACHABLE_CODE = YES;
				CLANG_WARN__DUPLICATE_METHOD_MATCH = YES;
				COPY_PHASE_STRIP = NO;
				DEBUG_INFORMATION_FORMAT = "dwarf-with-dsym";
				ENABLE_NS_ASSERTIONS = NO;
				ENABLE_STRICT_OBJC_MSGSEND = YES;
				GCC_C_LANGUAGE_STANDARD = gnu11;
				GCC_NO_COMMON_BLOCKS = YES;
				GCC_WARN_64_TO_32_BIT_CONVERSION = YES;
				GCC_WARN_ABOUT_RETURN_TYPE = YES_ERROR;
				GCC_WARN_UNDECLARED_SELECTOR = YES;
				GCC_WARN_UNINITIALIZED_AUTOS = YES_AGGRESSIVE;
				GCC_WARN_UNUSED_FUNCTION = YES;
				GCC_WARN_UNUSED_VARIABLE = YES;
				IPHONEOS_DEPLOYMENT_TARGET = 13.6;
				MTL_ENABLE_DEBUG_INFO = NO;
				MTL_FAST_MATH = YES;
				SDKROOT = iphoneos;
				SWIFT_COMPILATION_MODE = wholemodule;
				SWIFT_OPTIMIZATION_LEVEL = "-O";
				VALIDATE_PRODUCT = YES;
			};
			name = Release;
		};
		39EC53542509AF0D0002515D /* Debug */ = {
			isa = XCBuildConfiguration;
			buildSettings = {
				ASSETCATALOG_COMPILER_APPICON_NAME = AppIcon;
				CODE_SIGN_STYLE = Automatic;
				DEVELOPMENT_ASSET_PATHS = "\"RickAndMorty/Preview Content\"";
				DEVELOPMENT_TEAM = 8WEL4BUHZA;
				ENABLE_PREVIEWS = YES;
				INFOPLIST_FILE = RickAndMorty/Info.plist;
				IPHONEOS_DEPLOYMENT_TARGET = 14.0;
				LD_RUNPATH_SEARCH_PATHS = (
					"$(inherited)",
					"@executable_path/Frameworks",
				);
				PRODUCT_BUNDLE_IDENTIFIER = personal.luni.victor.RickAndMorty;
				PRODUCT_NAME = "$(TARGET_NAME)";
				SWIFT_VERSION = 5.0;
				TARGETED_DEVICE_FAMILY = "1,2";
			};
			name = Debug;
		};
		39EC53552509AF0D0002515D /* Release */ = {
			isa = XCBuildConfiguration;
			buildSettings = {
				ASSETCATALOG_COMPILER_APPICON_NAME = AppIcon;
				CODE_SIGN_STYLE = Automatic;
				DEVELOPMENT_ASSET_PATHS = "\"RickAndMorty/Preview Content\"";
				DEVELOPMENT_TEAM = 8WEL4BUHZA;
				ENABLE_PREVIEWS = YES;
				INFOPLIST_FILE = RickAndMorty/Info.plist;
				IPHONEOS_DEPLOYMENT_TARGET = 14.0;
				LD_RUNPATH_SEARCH_PATHS = (
					"$(inherited)",
					"@executable_path/Frameworks",
				);
				PRODUCT_BUNDLE_IDENTIFIER = personal.luni.victor.RickAndMorty;
				PRODUCT_NAME = "$(TARGET_NAME)";
				SWIFT_VERSION = 5.0;
				TARGETED_DEVICE_FAMILY = "1,2";
			};
			name = Release;
		};
/* End XCBuildConfiguration section */

/* Begin XCConfigurationList section */
		39EC533A2509AF090002515D /* Build configuration list for PBXProject "RickAndMorty" */ = {
			isa = XCConfigurationList;
			buildConfigurations = (
				39EC53512509AF0D0002515D /* Debug */,
				39EC53522509AF0D0002515D /* Release */,
			);
			defaultConfigurationIsVisible = 0;
			defaultConfigurationName = Release;
		};
		39EC53532509AF0D0002515D /* Build configuration list for PBXNativeTarget "RickAndMorty" */ = {
			isa = XCConfigurationList;
			buildConfigurations = (
				39EC53542509AF0D0002515D /* Debug */,
				39EC53552509AF0D0002515D /* Release */,
			);
			defaultConfigurationIsVisible = 0;
			defaultConfigurationName = Release;
		};
/* End XCConfigurationList section */
	};
	rootObject = 39EC53372509AF090002515D /* Project object */;
}
